{
  "name": "l-uni",
  "version": "1.0.0",
  "lockfileVersion": 2,
  "requires": true,
  "packages": {
    "": {
      "name": "l-uni",
      "version": "1.0.0",
      "license": "MIT",
      "dependencies": {
        "jsencrypt": "^3.3.2",
        "lodash-es": "^4.17.21",
        "query-string": "^8.1.0",
        "uuid": "^9.0.0"
      }
    },
    "node_modules/decode-uri-component": {
      "version": "0.4.1",
      "resolved": "https://registry.npmmirror.com/decode-uri-component/-/decode-uri-component-0.4.1.tgz",
      "integrity": "sha512-+8VxcR21HhTy8nOt6jf20w0c9CADrw1O8d+VZ/YzzCt4bJ3uBjw+D1q2osAB8RnpwwaeYBxy0HyKQxD5JBMuuQ==",
      "engines": {
        "node": ">=14.16"
      }
    },
    "node_modules/filter-obj": {
      "version": "5.1.0",
      "resolved": "https://registry.npmmirror.com/filter-obj/-/filter-obj-5.1.0.tgz",
      "integrity": "sha512-qWeTREPoT7I0bifpPUXtxkZJ1XJzxWtfoWWkdVGqa+eCr3SHW/Ocp89o8vLvbUuQnadybJpjOKu4V+RwO6sGng==",
      "engines": {
        "node": ">=14.16"
      }
    },
    "node_modules/jsencrypt": {
      "version": "3.3.2",
      "resolved": "https://registry.npmjs.org/jsencrypt/-/jsencrypt-3.3.2.tgz",
      "integrity": "sha512-arQR1R1ESGdAxY7ZheWr12wCaF2yF47v5qpB76TtV64H1pyGudk9Hvw8Y9tb/FiTIaaTRUyaSnm5T/Y53Ghm/A=="
    },
    "node_modules/lodash-es": {
      "version": "4.17.21",
      "resolved": "https://registry.npmmirror.com/lodash-es/-/lodash-es-4.17.21.tgz",
      "integrity": "sha512-mKnC+QJ9pWVzv+C4/U3rRsHapFfHvQFoFB92e52xeyGMcX6/OlIl78je1u8vePzYZSkkogMPJ2yjxxsb89cxyw=="
    },
    "node_modules/query-string": {
      "version": "8.1.0",
      "resolved": "https://registry.npmmirror.com/query-string/-/query-string-8.1.0.tgz",
      "integrity": "sha512-BFQeWxJOZxZGix7y+SByG3F36dA0AbTy9o6pSmKFcFz7DAj0re9Frkty3saBn3nHo3D0oZJ/+rx3r8H8r8Jbpw==",
      "dependencies": {
        "decode-uri-component": "^0.4.1",
        "filter-obj": "^5.1.0",
        "split-on-first": "^3.0.0"
      },
      "engines": {
        "node": ">=14.16"
      }
    },
    "node_modules/split-on-first": {
      "version": "3.0.0",
      "resolved": "https://registry.npmmirror.com/split-on-first/-/split-on-first-3.0.0.tgz",
      "integrity": "sha512-qxQJTx2ryR0Dw0ITYyekNQWpz6f8dGd7vffGNflQQ3Iqj9NJ6qiZ7ELpZsJ/QBhIVAiDfXdag3+Gp8RvWa62AA==",
      "engines": {
        "node": ">=12"
      }
    },
    "node_modules/uuid": {
      "version": "9.0.0",
      "resolved": "https://registry.npmmirror.com/uuid/-/uuid-9.0.0.tgz",
      "integrity": "sha512-MXcSTerfPa4uqyzStbRoTgt5XIe3x5+42+q1sDuy3R5MDk66URdLMOZe5aPX/SQd+kuYAh0FdP/pO28IkQyTeg==",
      "bin": {
        "uuid": "dist/bin/uuid"
      }
    }
  },
  "dependencies": {
    "decode-uri-component": {
      "version": "0.4.1",
      "resolved": "https://registry.npmmirror.com/decode-uri-component/-/decode-uri-component-0.4.1.tgz",
      "integrity": "sha512-+8VxcR21HhTy8nOt6jf20w0c9CADrw1O8d+VZ/YzzCt4bJ3uBjw+D1q2osAB8RnpwwaeYBxy0HyKQxD5JBMuuQ=="
    },
    "filter-obj": {
      "version": "5.1.0",
      "resolved": "https://registry.npmmirror.com/filter-obj/-/filter-obj-5.1.0.tgz",
      "integrity": "sha512-qWeTREPoT7I0bifpPUXtxkZJ1XJzxWtfoWWkdVGqa+eCr3SHW/Ocp89o8vLvbUuQnadybJpjOKu4V+RwO6sGng=="
    },
    "jsencrypt": {
      "version": "3.3.2",
      "resolved": "https://registry.npmjs.org/jsencrypt/-/jsencrypt-3.3.2.tgz",
      "integrity": "sha512-arQR1R1ESGdAxY7ZheWr12wCaF2yF47v5qpB76TtV64H1pyGudk9Hvw8Y9tb/FiTIaaTRUyaSnm5T/Y53Ghm/A=="
    },
    "lodash-es": {
      "version": "4.17.21",
      "resolved": "https://registry.npmmirror.com/lodash-es/-/lodash-es-4.17.21.tgz",
      "integrity": "sha512-mKnC+QJ9pWVzv+C4/U3rRsHapFfHvQFoFB92e52xeyGMcX6/OlIl78je1u8vePzYZSkkogMPJ2yjxxsb89cxyw=="
    },
    "query-string": {
      "version": "8.1.0",
      "resolved": "https://registry.npmmirror.com/query-string/-/query-string-8.1.0.tgz",
      "integrity": "sha512-BFQeWxJOZxZGix7y+SByG3F36dA0AbTy9o6pSmKFcFz7DAj0re9Frkty3saBn3nHo3D0oZJ/+rx3r8H8r8Jbpw==",
      "requires": {
        "decode-uri-component": "^0.4.1",
        "filter-obj": "^5.1.0",
        "split-on-first": "^3.0.0"
      }
    },
    "split-on-first": {
      "version": "3.0.0",
      "resolved": "https://registry.npmmirror.com/split-on-first/-/split-on-first-3.0.0.tgz",
      "integrity": "sha512-qxQJTx2ryR0Dw0ITYyekNQWpz6f8dGd7vffGNflQQ3Iqj9NJ6qiZ7ELpZsJ/QBhIVAiDfXdag3+Gp8RvWa62AA=="
    },
    "uuid": {
      "version": "9.0.0",
      "resolved": "https://registry.npmmirror.com/uuid/-/uuid-9.0.0.tgz",
      "integrity": "sha512-MXcSTerfPa4uqyzStbRoTgt5XIe3x5+42+q1sDuy3R5MDk66URdLMOZe5aPX/SQd+kuYAh0FdP/pO28IkQyTeg=="
    }
  }
}
