{
  "name": "upload",
  "lockfileVersion": 2,
  "requires": true,
  "packages": {
    "": {
      "name": "upload",
      "dependencies": {
        "axios-common": "file:../common/axios-common",
        "response-common": "file:../common/response-common"
      }
    },
    "../common/axios-common": {
      "version": "1.0.0",
      "license": "ISC",
      "dependencies": {
        "axios": "^1.4.0"
      }
    },
    "../common/response-common": {
      "version": "1.0.0",
      "license": "ISC"
    },
    "node_modules/axios-common": {
      "resolved": "../common/axios-common",
      "link": true
    },
    "node_modules/response-common": {
      "resolved": "../common/response-common",
      "link": true
    }
  },
  "dependencies": {
    "axios-common": {
      "version": "file:../common/axios-common",
      "requires": {
        "axios": "^1.4.0"
      }
    },
    "response-common": {
      "version": "file:../common/response-common"
    }
  }
}
